
Microsoft Visual Studio Solution File, Format Version 12.00
# Visual Studio Version 17
VisualStudioVersion = 17.4.33213.308
MinimumVisualStudioVersion = 10.0.40219.1
Project("{FAE04EC0-301F-11D3-BF4B-00C04F79EFBC}") = "ProjetoBDrestauracao", "ProjetoBDrestauracao\ProjetoBDrestauracao.csproj", "{CA8FEA16-07FC-4353-82FC-A943856C1C2C}"
EndProject
Project("{2150E333-8FDC-42A3-9474-1A3956D46DE8}") = "Itens de Solução", "Itens de Solução", "{FF7782A8-9B92-4776-B7E9-D3FFC3C95DAE}"
EndProject
Global
	GlobalSection(SolutionConfigurationPlatforms) = preSolution
		Debug|Any CPU = Debug|Any CPU
		Release|Any CPU = Release|Any CPU
	EndGlobalSection
	GlobalSection(ProjectConfigurationPlatforms) = postSolution
		{CA8FEA16-07FC-4353-82FC-A943856C1C2C}.Debug|Any CPU.ActiveCfg = Debug|Any CPU
		{CA8FEA16-07FC-4353-82FC-A943856C1C2C}.Debug|Any CPU.Build.0 = Debug|Any CPU
		{CA8FEA16-07FC-4353-82FC-A943856C1C2C}.Release|Any CPU.ActiveCfg = Release|Any CPU
		{CA8FEA16-07FC-4353-82FC-A943856C1C2C}.Release|Any CPU.Build.0 = Release|Any CPU
	EndGlobalSection
	GlobalSection(SolutionProperties) = preSolution
		HideSolutionNode = FALSE
	EndGlobalSection
	GlobalSection(ExtensibilityGlobals) = postSolution
		SolutionGuid = {DCBEE87A-111E-4620-A338-3E67E943909B}
	EndGlobalSection
EndGlobal
